
Microsoft Visual Studio Solution File, Format Version 12.00
# Visual Studio Version 16
VisualStudioVersion = 16.0.31410.357
MinimumVisualStudioVersion = 10.0.40219.1
Project("{FAE04EC0-301F-11D3-BF4B-00C04F79EFBC}") = "UITestBed", "UITestBed\UITestBed.csproj", "{D07184E8-A3C6-4E99-9E2D-B3FCE023FB48}"
EndProject
Global
	GlobalSection(SolutionConfigurationPlatforms) = preSolution
		Debug|Any CPU = Debug|Any CPU
		Release|Any CPU = Release|Any CPU
	EndGlobalSection
	GlobalSection(ProjectConfigurationPlatforms) = postSolution
		{D07184E8-A3C6-4E99-9E2D-B3FCE023FB48}.Debug|Any CPU.ActiveCfg = Debug|Any CPU
		{D07184E8-A3C6-4E99-9E2D-B3FCE023FB48}.Debug|Any CPU.Build.0 = Debug|Any CPU
		{D07184E8-A3C6-4E99-9E2D-B3FCE023FB48}.Release|Any CPU.ActiveCfg = Release|Any CPU
		{D07184E8-A3C6-4E99-9E2D-B3FCE023FB48}.Release|Any CPU.Build.0 = Release|Any CPU
	EndGlobalSection
	GlobalSection(SolutionProperties) = preSolution
		HideSolutionNode = FALSE
	EndGlobalSection
	GlobalSection(ExtensibilityGlobals) = postSolution
		SolutionGuid = {24B9DD1B-2B03-40F1-A818-08DEA2B27F10}
	EndGlobalSection
EndGlobal
